
Microsoft Visual Studio Solution File, Format Version 12.00
# Visual Studio Version 17
VisualStudioVersion = 17.9.34728.123
MinimumVisualStudioVersion = 10.0.40219.1
Project("{9A19103F-16F7-4668-BE54-9A1E7A4F7556}") = "TenderApi", "Tender\TenderApi.csproj", "{F1455B1E-BD1D-4B23-8E00-C1D79AD41337}"
EndProject
Project("{9A19103F-16F7-4668-BE54-9A1E7A4F7556}") = "TenderMVC", "..\TenderMVC\TenderMVC\TenderMVC.csproj", "{4DA88B60-E8AD-40AA-AFAD-038ACB7BA530}"
EndProject
Global
	GlobalSection(SolutionConfigurationPlatforms) = preSolution
		Debug|Any CPU = Debug|Any CPU
		Release|Any CPU = Release|Any CPU
	EndGlobalSection
	GlobalSection(ProjectConfigurationPlatforms) = postSolution
		{F1455B1E-BD1D-4B23-8E00-C1D79AD41337}.Debug|Any CPU.ActiveCfg = Debug|Any CPU
		{F1455B1E-BD1D-4B23-8E00-C1D79AD41337}.Debug|Any CPU.Build.0 = Debug|Any CPU
		{F1455B1E-BD1D-4B23-8E00-C1D79AD41337}.Release|Any CPU.ActiveCfg = Release|Any CPU
		{F1455B1E-BD1D-4B23-8E00-C1D79AD41337}.Release|Any CPU.Build.0 = Release|Any CPU
		{4DA88B60-E8AD-40AA-AFAD-038ACB7BA530}.Debug|Any CPU.ActiveCfg = Debug|Any CPU
		{4DA88B60-E8AD-40AA-AFAD-038ACB7BA530}.Debug|Any CPU.Build.0 = Debug|Any CPU
		{4DA88B60-E8AD-40AA-AFAD-038ACB7BA530}.Release|Any CPU.ActiveCfg = Release|Any CPU
		{4DA88B60-E8AD-40AA-AFAD-038ACB7BA530}.Release|Any CPU.Build.0 = Release|Any CPU
	EndGlobalSection
	GlobalSection(SolutionProperties) = preSolution
		HideSolutionNode = FALSE
	EndGlobalSection
	GlobalSection(ExtensibilityGlobals) = postSolution
		SolutionGuid = {1C29D5FA-D1CF-4D74-B857-3E9E52C0ED56}
	EndGlobalSection
EndGlobal
